<?xml version="1.0" encoding="utf-8"?>
<Project ToolsVersion="4.0" xmlns="http://schemas.microsoft.com/developer/msbuild/2003">
  <ItemGroup>
    <Filter Include="Header Files">
      <UniqueIdentifier>{93995380-89BD-4b04-88EB-625FBE52EBFB}</UniqueIdentifier>
      <Extensions>h;hpp;hxx;hm;inl;inc;xsd</Extensions>
    </Filter>
    <Filter Include="Resource Files">
      <UniqueIdentifier>{67DA6AB6-F800-4c08-8B7A-83BB121AAD01}</UniqueIdentifier>
      <Extensions>rc;ico;cur;bmp;dlg;rc2;rct;bin;rgs;gif;jpg;jpeg;jpe;resx;tiff;tif;png;wav;mfcribbon-ms</Extensions>
    </Filter>
    <Filter Include="Source Files">
      <UniqueIdentifier>{4FC737F1-C7A5-4376-A066-2A32D752A2FF}</UniqueIdentifier>
      <Extensions>cpp;c;cc;cxx;def;odl;idl;hpj;bat;asm;asmx</Extensions>
    </Filter>
  </ItemGroup>
  <ItemGroup>
    <ClCompile Include="cAdLibMemo.cpp">
      <Filter>Source Files</Filter>
    </ClCompile>
    <ClCompile Include="cDisplay.cpp">
      <Filter>Source Files</Filter>
    </ClCompile>
    <ClCompile Include="cException.cpp">
      <Filter>Source Files</Filter>
    </ClCompile>
    <ClCompile Include="cFile.cpp">
      <Filter>Source Files</Filter>
    </ClCompile>
    <ClCompile Include="cFinder.cpp">
      <Filter>Source Files</Filter>
    </ClCompile>
    <ClCompile Include="cInputEvent.cpp">
      <Filter>Source Files</Filter>
    </ClCompile>
    <ClCompile Include="cInputEventBuffer.cpp">
      <Filter>Source Files</Filter>
    </ClCompile>
    <ClCompile Include="cKeyboard.cpp">
      <Filter>Source Files</Filter>
    </ClCompile>
    <ClCompile Include="cLog.cpp">
      <Filter>Source Files</Filter>
    </ClCompile>
    <ClCompile Include="cMach.cpp">
      <Filter>Source Files</Filter>
    </ClCompile>
    <ClCompile Include="cMachlist.cpp">
      <Filter>Source Files</Filter>
    </ClCompile>
    <ClCompile Include="cMemo.cpp">
      <Filter>Source Files</Filter>
    </ClCompile>
    <ClCompile Include="cMemoBuffer.cpp">
      <Filter>Source Files</Filter>
    </ClCompile>
    <ClCompile Include="cMessenger.cpp">
      <Filter>Source Files</Filter>
    </ClCompile>
    <ClCompile Include="cPool.cpp">
      <Filter>Source Files</Filter>
    </ClCompile>
    <ClCompile Include="cPool_client.cpp">
      <Filter>Source Files</Filter>
    </ClCompile>
    <ClCompile Include="cPool_receive.cpp">
      <Filter>Source Files</Filter>
    </ClCompile>
    <ClCompile Include="cPool_send.cpp">
      <Filter>Source Files</Filter>
    </ClCompile>
    <ClCompile Include="cPool_server.cpp">
      <Filter>Source Files</Filter>
    </ClCompile>
    <ClCompile Include="cPool_utility.cpp">
      <Filter>Source Files</Filter>
    </ClCompile>
    <ClCompile Include="cPool_worker_thread.cpp">
      <Filter>Source Files</Filter>
    </ClCompile>
    <ClCompile Include="cScrib.cpp">
      <Filter>Source Files</Filter>
    </ClCompile>
    <ClCompile Include="cScribMgr.cpp">
      <Filter>Source Files</Filter>
    </ClCompile>
    <ClCompile Include="cScribPack.cpp">
      <Filter>Source Files</Filter>
    </ClCompile>
    <ClCompile Include="cSettings.cpp">
      <Filter>Source Files</Filter>
    </ClCompile>
    <ClCompile Include="cSettingsBase.cpp">
      <Filter>Source Files</Filter>
    </ClCompile>
    <ClCompile Include="cSignature.cpp">
      <Filter>Source Files</Filter>
    </ClCompile>
    <ClCompile Include="default_scribs.cpp">
      <Filter>Source Files</Filter>
    </ClCompile>
    <ClCompile Include="dllmain.cpp">
      <Filter>Source Files</Filter>
    </ClCompile>
    <ClCompile Include="files.cpp">
      <Filter>Source Files</Filter>
    </ClCompile>
    <ClCompile Include="get_broadcast_addresses.cpp">
      <Filter>Source Files</Filter>
    </ClCompile>
    <ClCompile Include="get_system_version.cpp">
      <Filter>Source Files</Filter>
    </ClCompile>
    <ClCompile Include="global_data.cpp">
      <Filter>Source Files</Filter>
    </ClCompile>
    <ClCompile Include="hooks.cpp">
      <Filter>Source Files</Filter>
    </ClCompile>
    <ClCompile Include="initialize_engine.cpp">
      <Filter>Source Files</Filter>
    </ClCompile>
    <ClCompile Include="mojo_engine.cpp">
      <Filter>Source Files</Filter>
    </ClCompile>
    <ClCompile Include="net_stuff.cpp">
      <Filter>Source Files</Filter>
    </ClCompile>
    <ClCompile Include="regex.cpp">
      <Filter>Source Files</Filter>
    </ClCompile>
    <ClCompile Include="set.cpp">
      <Filter>Source Files</Filter>
    </ClCompile>
    <ClCompile Include="stdafx.cpp">
      <Filter>Source Files</Filter>
    </ClCompile>
    <ClCompile Include="tList.cpp">
      <Filter>Source Files</Filter>
    </ClCompile>
    <ClCompile Include="tRect.cpp">
      <Filter>Source Files</Filter>
    </ClCompile>
    <ClCompile Include="tStr.cpp">
      <Filter>Source Files</Filter>
    </ClCompile>
    <ClCompile Include="utility.cpp">
      <Filter>Source Files</Filter>
    </ClCompile>
    <ClCompile Include="utility_private.cpp">
      <Filter>Source Files</Filter>
    </ClCompile>
  </ItemGroup>
  <ItemGroup>
    <ClInclude Include="cAdLibMemo.h">
      <Filter>Header Files</Filter>
    </ClInclude>
    <ClInclude Include="cDisplay.h">
      <Filter>Header Files</Filter>
    </ClInclude>
    <ClInclude Include="cException.h">
      <Filter>Header Files</Filter>
    </ClInclude>
    <ClInclude Include="cFile.h">
      <Filter>Header Files</Filter>
    </ClInclude>
    <ClInclude Include="cFinder.h">
      <Filter>Header Files</Filter>
    </ClInclude>
    <ClInclude Include="cInputEvent.h">
      <Filter>Header Files</Filter>
    </ClInclude>
    <ClInclude Include="cInputEventBuffer.h">
      <Filter>Header Files</Filter>
    </ClInclude>
    <ClInclude Include="cKeyboard.h">
      <Filter>Header Files</Filter>
    </ClInclude>
    <ClInclude Include="cLapPlus.h">
      <Filter>Header Files</Filter>
    </ClInclude>
    <ClInclude Include="cLog.h">
      <Filter>Header Files</Filter>
    </ClInclude>
    <ClInclude Include="cMach.h">
      <Filter>Header Files</Filter>
    </ClInclude>
    <ClInclude Include="cMachlist.h">
      <Filter>Header Files</Filter>
    </ClInclude>
    <ClInclude Include="cMemo.h">
      <Filter>Header Files</Filter>
    </ClInclude>
    <ClInclude Include="cMemoBuffer.h">
      <Filter>Header Files</Filter>
    </ClInclude>
    <ClInclude Include="cMessenger.h">
      <Filter>Header Files</Filter>
    </ClInclude>
    <ClInclude Include="cPool.h">
      <Filter>Header Files</Filter>
    </ClInclude>
    <ClInclude Include="cScrib.h">
      <Filter>Header Files</Filter>
    </ClInclude>
    <ClInclude Include="cScribMgr.h">
      <Filter>Header Files</Filter>
    </ClInclude>
    <ClInclude Include="cScribPack.h">
      <Filter>Header Files</Filter>
    </ClInclude>
    <ClInclude Include="cSettings.h">
      <Filter>Header Files</Filter>
    </ClInclude>
    <ClInclude Include="cSettingsBase.h">
      <Filter>Header Files</Filter>
    </ClInclude>
    <ClInclude Include="cSignature.h">
      <Filter>Header Files</Filter>
    </ClInclude>
    <ClInclude Include="cVersion.h">
      <Filter>Header Files</Filter>
    </ClInclude>
    <ClInclude Include="files.h">
      <Filter>Header Files</Filter>
    </ClInclude>
    <ClInclude Include="get_broadcast_addresses.h">
      <Filter>Header Files</Filter>
    </ClInclude>
    <ClInclude Include="global_data.h">
      <Filter>Header Files</Filter>
    </ClInclude>
    <ClInclude Include="hooks.h">
      <Filter>Header Files</Filter>
    </ClInclude>
    <ClInclude Include="mojo_engine.h">
      <Filter>Header Files</Filter>
    </ClInclude>
    <ClInclude Include="net_stuff.h">
      <Filter>Header Files</Filter>
    </ClInclude>
    <ClInclude Include="regex.h">
      <Filter>Header Files</Filter>
    </ClInclude>
    <ClInclude Include="set.h">
      <Filter>Header Files</Filter>
    </ClInclude>
    <ClInclude Include="stdafx.h">
      <Filter>Header Files</Filter>
    </ClInclude>
    <ClInclude Include="targetver.h">
      <Filter>Header Files</Filter>
    </ClInclude>
    <ClInclude Include="tArray2.h">
      <Filter>Header Files</Filter>
    </ClInclude>
    <ClInclude Include="tCircBuf.h">
      <Filter>Header Files</Filter>
    </ClInclude>
    <ClInclude Include="tList.h">
      <Filter>Header Files</Filter>
    </ClInclude>
    <ClInclude Include="tList2.h">
      <Filter>Header Files</Filter>
    </ClInclude>
    <ClInclude Include="tListNI.h">
      <Filter>Header Files</Filter>
    </ClInclude>
    <ClInclude Include="tPt.h">
      <Filter>Header Files</Filter>
    </ClInclude>
    <ClInclude Include="tRect.h">
      <Filter>Header Files</Filter>
    </ClInclude>
    <ClInclude Include="tStr.h">
      <Filter>Header Files</Filter>
    </ClInclude>
    <ClInclude Include="utility.h">
      <Filter>Header Files</Filter>
    </ClInclude>
    <ClInclude Include="utility_private.h">
      <Filter>Header Files</Filter>
    </ClInclude>
  </ItemGroup>
  <ItemGroup>
    <None Include="mojo_engine.scribs.english.txt" />
  </ItemGroup>
</Project>