<?xml version="1.0" encoding="utf-8"?>
<Project ToolsVersion="4.0" xmlns="http://schemas.microsoft.com/developer/msbuild/2003">
  <ItemGroup>
    <Filter Include="cWin">
      <UniqueIdentifier>{5ffdad92-14ff-45ce-8621-1105335864d4}</UniqueIdentifier>
    </Filter>
    <Filter Include="Header Files">
      <UniqueIdentifier>{93995380-89BD-4b04-88EB-625FBE52EBFB}</UniqueIdentifier>
      <Extensions>h;hpp;hxx;hm;inl;inc;xsd</Extensions>
    </Filter>
    <Filter Include="Resource Files">
      <UniqueIdentifier>{67DA6AB6-F800-4c08-8B7A-83BB121AAD01}</UniqueIdentifier>
      <Extensions>rc;ico;cur;bmp;dlg;rc2;rct;bin;rgs;gif;jpg;jpeg;jpe;resx;tiff;tif;png;wav;mfcribbon-ms</Extensions>
    </Filter>
    <Filter Include="Source Files">
      <UniqueIdentifier>{4FC737F1-C7A5-4376-A066-2A32D752A2FF}</UniqueIdentifier>
      <Extensions>cpp;c;cc;cxx;def;odl;idl;hpj;bat;asm;asmx</Extensions>
    </Filter>
  </ItemGroup>
  <ItemGroup>
    <ClCompile Include="balloon.cpp">
      <Filter>Source Files</Filter>
    </ClCompile>
    <ClCompile Include="cConfig.cpp">
      <Filter>Source Files</Filter>
    </ClCompile>
    <ClCompile Include="cConfigItem.cpp">
      <Filter>Source Files</Filter>
    </ClCompile>
    <ClCompile Include="cCrashHandler.cpp">
      <Filter>Source Files</Filter>
    </ClCompile>
    <ClCompile Include="cDlg.cpp">
      <Filter>cWin</Filter>
    </ClCompile>
    <ClCompile Include="cDlgAbout.cpp">
      <Filter>cWin</Filter>
    </ClCompile>
    <ClCompile Include="cDlgComputers.cpp">
      <Filter>cWin</Filter>
    </ClCompile>
    <ClCompile Include="cDlgCursorBlind.cpp">
      <Filter>cWin</Filter>
    </ClCompile>
    <ClCompile Include="cDlgGetTrigger.cpp">
      <Filter>cWin</Filter>
    </ClCompile>
    <ClCompile Include="cDlgGetTrigger_combo.cpp">
      <Filter>cWin</Filter>
    </ClCompile>
    <ClCompile Include="cDlgGetTrigger_test_mods.cpp">
      <Filter>cWin</Filter>
    </ClCompile>
    <ClCompile Include="cDlgGetTrigger_trigger.cpp">
      <Filter>cWin</Filter>
    </ClCompile>
    <ClCompile Include="cDlgLicense.cpp">
      <Filter>cWin</Filter>
    </ClCompile>
    <ClCompile Include="cDlgMessageBox.cpp">
      <Filter>cWin</Filter>
    </ClCompile>
    <ClCompile Include="cDlgModeStrip.cpp">
      <Filter>cWin</Filter>
    </ClCompile>
    <ClCompile Include="cDlgMonitor.cpp">
      <Filter>cWin</Filter>
    </ClCompile>
    <ClCompile Include="cDlgMonitor_red_X.cpp">
      <Filter>cWin</Filter>
    </ClCompile>
    <ClCompile Include="cDlgMouseOver.cpp">
      <Filter>cWin</Filter>
    </ClCompile>
    <ClCompile Include="cDlgMouseOver2.cpp">
      <Filter>cWin</Filter>
    </ClCompile>
    <ClCompile Include="cDlgSettingsAppearance.cpp">
      <Filter>cWin</Filter>
    </ClCompile>
    <ClCompile Include="cDlgSettingsConnection.cpp">
      <Filter>cWin</Filter>
    </ClCompile>
    <ClCompile Include="cDlgSettingsConnectionAdvanced.cpp">
      <Filter>cWin</Filter>
    </ClCompile>
    <ClCompile Include="cDlgSettingsPerformance.cpp">
      <Filter>cWin</Filter>
    </ClCompile>
    <ClCompile Include="cDlgToons.cpp">
      <Filter>cWin</Filter>
    </ClCompile>
    <ClCompile Include="cDlgVars.cpp">
      <Filter>cWin</Filter>
    </ClCompile>
    <ClCompile Include="cDlgViewStrip.cpp">
      <Filter>cWin</Filter>
    </ClCompile>
    <ClCompile Include="cDlgWoWs.cpp">
      <Filter>cWin</Filter>
    </ClCompile>
    <ClCompile Include="cGdiPlus.cpp">
      <Filter>Source Files</Filter>
    </ClCompile>
    <ClCompile Include="click_once.cpp">
      <Filter>Source Files</Filter>
    </ClCompile>
    <ClCompile Include="cLiquidButton.cpp">
      <Filter>cWin</Filter>
    </ClCompile>
    <ClCompile Include="cListViewComputers.cpp">
      <Filter>cWin</Filter>
    </ClCompile>
    <ClCompile Include="cListviewConnections.cpp">
      <Filter>cWin</Filter>
    </ClCompile>
    <ClCompile Include="cListViewToons.cpp">
      <Filter>cWin</Filter>
    </ClCompile>
    <ClCompile Include="cListViewWoWs.cpp">
      <Filter>cWin</Filter>
    </ClCompile>
    <ClCompile Include="cScrobIm.cpp">
      <Filter>Source Files</Filter>
    </ClCompile>
    <ClCompile Include="cScrobMgrIm.cpp">
      <Filter>Source Files</Filter>
    </ClCompile>
    <ClCompile Include="cScrobMgrImMouseOver.cpp">
      <Filter>Source Files</Filter>
    </ClCompile>
    <ClCompile Include="cSettings.cpp">
      <Filter>Source Files</Filter>
    </ClCompile>
    <ClCompile Include="cToon.cpp">
      <Filter>Source Files</Filter>
    </ClCompile>
    <ClCompile Include="cToonList.cpp">
      <Filter>Source Files</Filter>
    </ClCompile>
    <ClCompile Include="cWin.cpp">
      <Filter>cWin</Filter>
    </ClCompile>
    <ClCompile Include="cWinLabel.cpp">
      <Filter>cWin</Filter>
    </ClCompile>
    <ClCompile Include="cWinMain.cpp">
      <Filter>cWin</Filter>
    </ClCompile>
    <ClCompile Include="cWinMain_toggle.cpp">
      <Filter>cWin</Filter>
    </ClCompile>
    <ClCompile Include="cWinMain_window_proc.cpp">
      <Filter>cWin</Filter>
    </ClCompile>
    <ClCompile Include="cWinMain_wm_command.cpp">
      <Filter>cWin</Filter>
    </ClCompile>
    <ClCompile Include="default_scribs.cpp">
      <Filter>Source Files</Filter>
    </ClCompile>
    <ClCompile Include="global_data.cpp">
      <Filter>Source Files</Filter>
    </ClCompile>
    <ClCompile Include="gpl3.cpp">
      <Filter>Source Files</Filter>
    </ClCompile>
    <ClCompile Include="main.cpp">
      <Filter>Source Files</Filter>
    </ClCompile>
    <ClCompile Include="rich_edit.cpp">
      <Filter>Source Files</Filter>
    </ClCompile>
    <ClCompile Include="single_instance.cpp">
      <Filter>Source Files</Filter>
    </ClCompile>
    <ClCompile Include="stdafx.cpp">
      <Filter>Source Files</Filter>
    </ClCompile>
    <ClCompile Include="utility.cpp">
      <Filter>Source Files</Filter>
    </ClCompile>
    <ClCompile Include="window_stuff.cpp">
      <Filter>Source Files</Filter>
    </ClCompile>
    <ClCompile Include="xml.cpp">
      <Filter>Source Files</Filter>
    </ClCompile>
  </ItemGroup>
  <ItemGroup>
    <ClInclude Include="balloon.h">
      <Filter>Header Files</Filter>
    </ClInclude>
    <ClInclude Include="cConfig.h">
      <Filter>Header Files</Filter>
    </ClInclude>
    <ClInclude Include="cConfigItem.h">
      <Filter>Header Files</Filter>
    </ClInclude>
    <ClInclude Include="cCrashHandler.h">
      <Filter>Source Files</Filter>
    </ClInclude>
    <ClInclude Include="cDlg.h">
      <Filter>cWin</Filter>
    </ClInclude>
    <ClInclude Include="cDlgAbout.h">
      <Filter>cWin</Filter>
    </ClInclude>
    <ClInclude Include="cDlgComputers.h">
      <Filter>cWin</Filter>
    </ClInclude>
    <ClInclude Include="cDlgCursorBlind.h">
      <Filter>cWin</Filter>
    </ClInclude>
    <ClInclude Include="cDlgGetTrigger.h">
      <Filter>cWin</Filter>
    </ClInclude>
    <ClInclude Include="cDlgLicense.h">
      <Filter>cWin</Filter>
    </ClInclude>
    <ClInclude Include="cDlgMessageBox.h">
      <Filter>cWin</Filter>
    </ClInclude>
    <ClInclude Include="cDlgModeStrip.h">
      <Filter>cWin</Filter>
    </ClInclude>
    <ClInclude Include="cDlgMonitor.h">
      <Filter>cWin</Filter>
    </ClInclude>
    <ClInclude Include="cDlgMouseOver.h">
      <Filter>cWin</Filter>
    </ClInclude>
    <ClInclude Include="cDlgSettingsAppearance.h">
      <Filter>cWin</Filter>
    </ClInclude>
    <ClInclude Include="cDlgSettingsConnection.h">
      <Filter>cWin</Filter>
    </ClInclude>
    <ClInclude Include="cDlgSettingsConnectionAdvanced.h">
      <Filter>cWin</Filter>
    </ClInclude>
    <ClInclude Include="cDlgSettingsPerformance.h">
      <Filter>cWin</Filter>
    </ClInclude>
    <ClInclude Include="cDlgToons.h">
      <Filter>cWin</Filter>
    </ClInclude>
    <ClInclude Include="cDlgVars.h">
      <Filter>cWin</Filter>
    </ClInclude>
    <ClInclude Include="cDlgViewStrip.h">
      <Filter>cWin</Filter>
    </ClInclude>
    <ClInclude Include="cDlgWoWs.h">
      <Filter>cWin</Filter>
    </ClInclude>
    <ClInclude Include="cGdiPlus.h">
      <Filter>Header Files</Filter>
    </ClInclude>
    <ClInclude Include="click_once.h">
      <Filter>Header Files</Filter>
    </ClInclude>
    <ClInclude Include="cLiquidButton.h">
      <Filter>cWin</Filter>
    </ClInclude>
    <ClInclude Include="cListViewComputers.h">
      <Filter>cWin</Filter>
    </ClInclude>
    <ClInclude Include="cListviewConnections.h">
      <Filter>cWin</Filter>
    </ClInclude>
    <ClInclude Include="cListViewToons.h">
      <Filter>cWin</Filter>
    </ClInclude>
    <ClInclude Include="cListViewWoWs.h">
      <Filter>cWin</Filter>
    </ClInclude>
    <ClInclude Include="cScrobIm.h">
      <Filter>Header Files</Filter>
    </ClInclude>
    <ClInclude Include="cScrobMgrIm.h">
      <Filter>Header Files</Filter>
    </ClInclude>
    <ClInclude Include="cScrobMgrImMouseOver.h">
      <Filter>Header Files</Filter>
    </ClInclude>
    <ClInclude Include="cSettings.h">
      <Filter>Header Files</Filter>
    </ClInclude>
    <ClInclude Include="cToon.h">
      <Filter>Header Files</Filter>
    </ClInclude>
    <ClInclude Include="cToonList.h">
      <Filter>Header Files</Filter>
    </ClInclude>
    <ClInclude Include="cWin.h">
      <Filter>cWin</Filter>
    </ClInclude>
    <ClInclude Include="cWinLabel.h">
      <Filter>cWin</Filter>
    </ClInclude>
    <ClInclude Include="cWinMain.h">
      <Filter>cWin</Filter>
    </ClInclude>
    <ClInclude Include="global_data.h">
      <Filter>Header Files</Filter>
    </ClInclude>
    <ClInclude Include="global_data_version.h">
      <Filter>Header Files</Filter>
    </ClInclude>
    <ClInclude Include="resource.h">
      <Filter>Header Files</Filter>
    </ClInclude>
    <ClInclude Include="rich_edit.h">
      <Filter>Header Files</Filter>
    </ClInclude>
    <ClInclude Include="stdafx.h">
      <Filter>Header Files</Filter>
    </ClInclude>
    <ClInclude Include="targetver.h">
      <Filter>Header Files</Filter>
    </ClInclude>
    <ClInclude Include="utility.h">
      <Filter>Header Files</Filter>
    </ClInclude>
    <ClInclude Include="window_stuff.h">
      <Filter>Header Files</Filter>
    </ClInclude>
    <ClInclude Include="wm_constants.h">
      <Filter>Header Files</Filter>
    </ClInclude>
    <ClInclude Include="xml.h">
      <Filter>Header Files</Filter>
    </ClInclude>
  </ItemGroup>
  <ItemGroup>
    <None Include="..\mojo_art\icon1.ico">
      <Filter>Resource Files</Filter>
    </None>
    <None Include="..\mojo_art\list_view_computers_blue.ico">
      <Filter>Resource Files</Filter>
    </None>
    <None Include="..\mojo_art\list_view_computers_gold.ico">
      <Filter>Resource Files</Filter>
    </None>
    <None Include="..\mojo_art\list_view_computers_gray.ico">
      <Filter>Resource Files</Filter>
    </None>
    <None Include="..\mojo_art\mojo-logo-star-150.bmp">
      <Filter>Resource Files</Filter>
    </None>
    <None Include="..\mojo_art\state-icon-blue.ico">
      <Filter>Resource Files</Filter>
    </None>
    <None Include="..\mojo_art\state-icon-gold.ico">
      <Filter>Resource Files</Filter>
    </None>
    <None Include="..\mojo_art\toolbar_bitmaps.bmp">
      <Filter>Resource Files</Filter>
    </None>
    <None Include="gpl3.txt" />
    <None Include="mojo_app.ico">
      <Filter>Resource Files</Filter>
    </None>
    <None Include="mojo_app.scribs.english.txt" />
    <None Include="osbxr.ico">
      <Filter>Resource Files</Filter>
    </None>
    <None Include="small.ico">
      <Filter>Resource Files</Filter>
    </None>
  </ItemGroup>
  <ItemGroup>
    <ResourceCompile Include="mojo_app.rc">
      <Filter>Resource Files</Filter>
    </ResourceCompile>
  </ItemGroup>
</Project>